
Microsoft Visual Studio Solution File, Format Version 12.00
# Visual Studio Version 16
VisualStudioVersion = 16.0.31424.327
MinimumVisualStudioVersion = 10.0.40219.1
Project("{FAE04EC0-301F-11D3-BF4B-00C04F79EFBC}") = "Prova_week5", "Prova_week5\Prova_week5.csproj", "{FF5B8218-7B04-4F59-A9B9-0F9BE599A0D7}"
EndProject
Global
	GlobalSection(SolutionConfigurationPlatforms) = preSolution
		Debug|Any CPU = Debug|Any CPU
		Release|Any CPU = Release|Any CPU
	EndGlobalSection
	GlobalSection(ProjectConfigurationPlatforms) = postSolution
		{FF5B8218-7B04-4F59-A9B9-0F9BE599A0D7}.Debug|Any CPU.ActiveCfg = Debug|Any CPU
		{FF5B8218-7B04-4F59-A9B9-0F9BE599A0D7}.Debug|Any CPU.Build.0 = Debug|Any CPU
		{FF5B8218-7B04-4F59-A9B9-0F9BE599A0D7}.Release|Any CPU.ActiveCfg = Release|Any CPU
		{FF5B8218-7B04-4F59-A9B9-0F9BE599A0D7}.Release|Any CPU.Build.0 = Release|Any CPU
	EndGlobalSection
	GlobalSection(SolutionProperties) = preSolution
		HideSolutionNode = FALSE
	EndGlobalSection
	GlobalSection(ExtensibilityGlobals) = postSolution
		SolutionGuid = {2BF3D1B6-66FC-4F9C-AE0D-F51A1EEE36FD}
	EndGlobalSection
EndGlobal
